// !$*UTF8*$!
{
	archiveVersion = 1;
	classes = {
	};
	objectVersion = 56;
	objects = {

/* Begin PBXBuildFile section */
		80084EF82B108D600018E806 /* NetworkError.swift in Sources */ = {isa = PBXBuildFile; fileRef = 80084EF72B108D600018E806 /* NetworkError.swift */; };
		80084EFA2B1206D20018E806 /* LoginViewModel.swift in Sources */ = {isa = PBXBuildFile; fileRef = 80084EF92B1206D20018E806 /* LoginViewModel.swift */; };
		80084EFC2B1383B70018E806 /* HomeViewController.swift in Sources */ = {isa = PBXBuildFile; fileRef = 80084EFB2B1383B70018E806 /* HomeViewController.swift */; };
		800960AE2B0B702700B3BE4B /* ValidationCheck.swift in Sources */ = {isa = PBXBuildFile; fileRef = 800960AD2B0B702700B3BE4B /* ValidationCheck.swift */; };
		800960B02B0B8CFC00B3BE4B /* CustomLabel.swift in Sources */ = {isa = PBXBuildFile; fileRef = 800960AF2B0B8CFC00B3BE4B /* CustomLabel.swift */; };
		800960B22B0B966300B3BE4B /* Color.swift in Sources */ = {isa = PBXBuildFile; fileRef = 800960B12B0B966300B3BE4B /* Color.swift */; };
		800960B52B0B9F3C00B3BE4B /* IQKeyboardManagerSwift in Frameworks */ = {isa = PBXBuildFile; productRef = 800960B42B0B9F3C00B3BE4B /* IQKeyboardManagerSwift */; };
		800960B72B0BABB600B3BE4B /* RegisterViewModel.swift in Sources */ = {isa = PBXBuildFile; fileRef = 800960B62B0BABB600B3BE4B /* RegisterViewModel.swift */; };
		800960B92B0BB90B00B3BE4B /* Protocols.swift in Sources */ = {isa = PBXBuildFile; fileRef = 800960B82B0BB90B00B3BE4B /* Protocols.swift */; };
		800960D02B0CE1F800B3BE4B /* APIManager.swift in Sources */ = {isa = PBXBuildFile; fileRef = 800960CF2B0CE1F800B3BE4B /* APIManager.swift */; };
		800960D32B0D1A4600B3BE4B /* NetworkModel.swift in Sources */ = {isa = PBXBuildFile; fileRef = 800960D22B0D1A4600B3BE4B /* NetworkModel.swift */; };
		8010012E2B145D2100DAD821 /* KeyChain.swift in Sources */ = {isa = PBXBuildFile; fileRef = 8010012D2B145D2100DAD821 /* KeyChain.swift */; };
		801001302B14C3A800DAD821 /* AddViewController.swift in Sources */ = {isa = PBXBuildFile; fileRef = 8010012F2B14C3A800DAD821 /* AddViewController.swift */; };
		801001342B14C4BC00DAD821 /* CommunityViewController.swift in Sources */ = {isa = PBXBuildFile; fileRef = 801001332B14C4BC00DAD821 /* CommunityViewController.swift */; };
		807FFEC82B0F3DE000658FA9 /* APIRequest.swift in Sources */ = {isa = PBXBuildFile; fileRef = 807FFEC72B0F3DE000658FA9 /* APIRequest.swift */; };
		80DED59E2B09E9F200885268 /* CustomTextField.swift in Sources */ = {isa = PBXBuildFile; fileRef = 80DED59D2B09E9F200885268 /* CustomTextField.swift */; };
		80DED5A12B09FCA300885268 /* TextFieldEffects in Frameworks */ = {isa = PBXBuildFile; productRef = 80DED5A02B09FCA300885268 /* TextFieldEffects */; };
		80DED5A32B0A392200885268 /* RegisterViewController.swift in Sources */ = {isa = PBXBuildFile; fileRef = 80DED5A22B0A392200885268 /* RegisterViewController.swift */; };
		80E46E932B089A99009A695B /* AppDelegate.swift in Sources */ = {isa = PBXBuildFile; fileRef = 80E46E922B089A99009A695B /* AppDelegate.swift */; };
		80E46E952B089A99009A695B /* SceneDelegate.swift in Sources */ = {isa = PBXBuildFile; fileRef = 80E46E942B089A99009A695B /* SceneDelegate.swift */; };
		80E46E972B089A99009A695B /* LoginViewController.swift in Sources */ = {isa = PBXBuildFile; fileRef = 80E46E962B089A99009A695B /* LoginViewController.swift */; };
		80E46E9C2B089A9A009A695B /* Assets.xcassets in Resources */ = {isa = PBXBuildFile; fileRef = 80E46E9B2B089A9A009A695B /* Assets.xcassets */; };
		80E46E9F2B089A9A009A695B /* LaunchScreen.storyboard in Resources */ = {isa = PBXBuildFile; fileRef = 80E46E9D2B089A9A009A695B /* LaunchScreen.storyboard */; };
		80E46EA72B08A0D2009A695B /* .gitignore in Resources */ = {isa = PBXBuildFile; fileRef = 80E46EA62B08A0D2009A695B /* .gitignore */; };
		80E46EA92B08A164009A695B /* APIKey.swift in Sources */ = {isa = PBXBuildFile; fileRef = 80E46EA82B08A164009A695B /* APIKey.swift */; };
		80E46EAC2B08E0AE009A695B /* Moya in Frameworks */ = {isa = PBXBuildFile; productRef = 80E46EAB2B08E0AE009A695B /* Moya */; };
		80E46EAE2B08E0AE009A695B /* RxMoya in Frameworks */ = {isa = PBXBuildFile; productRef = 80E46EAD2B08E0AE009A695B /* RxMoya */; };
		80E46EB12B08E0C6009A695B /* SnapKit in Frameworks */ = {isa = PBXBuildFile; productRef = 80E46EB02B08E0C6009A695B /* SnapKit */; };
		80E46EB42B08E115009A695B /* RxCocoa in Frameworks */ = {isa = PBXBuildFile; productRef = 80E46EB32B08E115009A695B /* RxCocoa */; };
		80E46EB62B08E115009A695B /* RxRelay in Frameworks */ = {isa = PBXBuildFile; productRef = 80E46EB52B08E115009A695B /* RxRelay */; };
		80E46EB82B08E115009A695B /* RxSwift in Frameworks */ = {isa = PBXBuildFile; productRef = 80E46EB72B08E115009A695B /* RxSwift */; };
		80E46EBB2B08E11F009A695B /* Kingfisher in Frameworks */ = {isa = PBXBuildFile; productRef = 80E46EBA2B08E11F009A695B /* Kingfisher */; };
		80E46EC12B08E528009A695B /* Toast in Frameworks */ = {isa = PBXBuildFile; productRef = 80E46EC02B08E528009A695B /* Toast */; };
		80E46EC92B08E75A009A695B /* BaseViewController.swift in Sources */ = {isa = PBXBuildFile; fileRef = 80E46EC82B08E75A009A695B /* BaseViewController.swift */; };
/* End PBXBuildFile section */

/* Begin PBXFileReference section */
		80084EF72B108D600018E806 /* NetworkError.swift */ = {isa = PBXFileReference; lastKnownFileType = sourcecode.swift; path = NetworkError.swift; sourceTree = "<group>"; };
		80084EF92B1206D20018E806 /* LoginViewModel.swift */ = {isa = PBXFileReference; lastKnownFileType = sourcecode.swift; path = LoginViewModel.swift; sourceTree = "<group>"; };
		80084EFB2B1383B70018E806 /* HomeViewController.swift */ = {isa = PBXFileReference; lastKnownFileType = sourcecode.swift; path = HomeViewController.swift; sourceTree = "<group>"; };
		800960AD2B0B702700B3BE4B /* ValidationCheck.swift */ = {isa = PBXFileReference; lastKnownFileType = sourcecode.swift; path = ValidationCheck.swift; sourceTree = "<group>"; };
		800960AF2B0B8CFC00B3BE4B /* CustomLabel.swift */ = {isa = PBXFileReference; lastKnownFileType = sourcecode.swift; path = CustomLabel.swift; sourceTree = "<group>"; };
		800960B12B0B966300B3BE4B /* Color.swift */ = {isa = PBXFileReference; lastKnownFileType = sourcecode.swift; path = Color.swift; sourceTree = "<group>"; };
		800960B62B0BABB600B3BE4B /* RegisterViewModel.swift */ = {isa = PBXFileReference; lastKnownFileType = sourcecode.swift; path = RegisterViewModel.swift; sourceTree = "<group>"; };
		800960B82B0BB90B00B3BE4B /* Protocols.swift */ = {isa = PBXFileReference; lastKnownFileType = sourcecode.swift; path = Protocols.swift; sourceTree = "<group>"; };
		800960CF2B0CE1F800B3BE4B /* APIManager.swift */ = {isa = PBXFileReference; lastKnownFileType = sourcecode.swift; path = APIManager.swift; sourceTree = "<group>"; };
		800960D22B0D1A4600B3BE4B /* NetworkModel.swift */ = {isa = PBXFileReference; lastKnownFileType = sourcecode.swift; path = NetworkModel.swift; sourceTree = "<group>"; };
		8010012D2B145D2100DAD821 /* KeyChain.swift */ = {isa = PBXFileReference; lastKnownFileType = sourcecode.swift; path = KeyChain.swift; sourceTree = "<group>"; };
		8010012F2B14C3A800DAD821 /* AddViewController.swift */ = {isa = PBXFileReference; lastKnownFileType = sourcecode.swift; path = AddViewController.swift; sourceTree = "<group>"; };
		801001332B14C4BC00DAD821 /* CommunityViewController.swift */ = {isa = PBXFileReference; lastKnownFileType = sourcecode.swift; path = CommunityViewController.swift; sourceTree = "<group>"; };
		807FFEC72B0F3DE000658FA9 /* APIRequest.swift */ = {isa = PBXFileReference; lastKnownFileType = sourcecode.swift; path = APIRequest.swift; sourceTree = "<group>"; };
		80DED59D2B09E9F200885268 /* CustomTextField.swift */ = {isa = PBXFileReference; lastKnownFileType = sourcecode.swift; path = CustomTextField.swift; sourceTree = "<group>"; };
		80DED5A22B0A392200885268 /* RegisterViewController.swift */ = {isa = PBXFileReference; lastKnownFileType = sourcecode.swift; path = RegisterViewController.swift; sourceTree = "<group>"; };
		80E46E8F2B089A99009A695B /* Re.app */ = {isa = PBXFileReference; explicitFileType = wrapper.application; includeInIndex = 0; path = Re.app; sourceTree = BUILT_PRODUCTS_DIR; };
		80E46E922B089A99009A695B /* AppDelegate.swift */ = {isa = PBXFileReference; lastKnownFileType = sourcecode.swift; path = AppDelegate.swift; sourceTree = "<group>"; };
		80E46E942B089A99009A695B /* SceneDelegate.swift */ = {isa = PBXFileReference; lastKnownFileType = sourcecode.swift; path = SceneDelegate.swift; sourceTree = "<group>"; };
		80E46E962B089A99009A695B /* LoginViewController.swift */ = {isa = PBXFileReference; lastKnownFileType = sourcecode.swift; path = LoginViewController.swift; sourceTree = "<group>"; };
		80E46E9B2B089A9A009A695B /* Assets.xcassets */ = {isa = PBXFileReference; lastKnownFileType = folder.assetcatalog; path = Assets.xcassets; sourceTree = "<group>"; };
		80E46E9E2B089A9A009A695B /* Base */ = {isa = PBXFileReference; lastKnownFileType = file.storyboard; name = Base; path = Base.lproj/LaunchScreen.storyboard; sourceTree = "<group>"; };
		80E46EA02B089A9A009A695B /* Info.plist */ = {isa = PBXFileReference; lastKnownFileType = text.plist.xml; path = Info.plist; sourceTree = "<group>"; };
		80E46EA62B08A0D2009A695B /* .gitignore */ = {isa = PBXFileReference; lastKnownFileType = text; path = .gitignore; sourceTree = "<group>"; };
		80E46EA82B08A164009A695B /* APIKey.swift */ = {isa = PBXFileReference; lastKnownFileType = sourcecode.swift; path = APIKey.swift; sourceTree = "<group>"; };
		80E46EC82B08E75A009A695B /* BaseViewController.swift */ = {isa = PBXFileReference; lastKnownFileType = sourcecode.swift; path = BaseViewController.swift; sourceTree = "<group>"; };
/* End PBXFileReference section */

/* Begin PBXFrameworksBuildPhase section */
		80E46E8C2B089A99009A695B /* Frameworks */ = {
			isa = PBXFrameworksBuildPhase;
			buildActionMask = 2147483647;
			files = (
				80E46EB82B08E115009A695B /* RxSwift in Frameworks */,
				80E46EB62B08E115009A695B /* RxRelay in Frameworks */,
				80E46EBB2B08E11F009A695B /* Kingfisher in Frameworks */,
				80E46EC12B08E528009A695B /* Toast in Frameworks */,
				80E46EB12B08E0C6009A695B /* SnapKit in Frameworks */,
				800960B52B0B9F3C00B3BE4B /* IQKeyboardManagerSwift in Frameworks */,
				80E46EAE2B08E0AE009A695B /* RxMoya in Frameworks */,
				80E46EB42B08E115009A695B /* RxCocoa in Frameworks */,
				80E46EAC2B08E0AE009A695B /* Moya in Frameworks */,
				80DED5A12B09FCA300885268 /* TextFieldEffects in Frameworks */,
			);
			runOnlyForDeploymentPostprocessing = 0;
		};
/* End PBXFrameworksBuildPhase section */

/* Begin PBXGroup section */
		800960D12B0D1A2900B3BE4B /* Models */ = {
			isa = PBXGroup;
			children = (
				800960D22B0D1A4600B3BE4B /* NetworkModel.swift */,
			);
			path = Models;
			sourceTree = "<group>";
		};
		80DED59A2B09E92500885268 /* Utils */ = {
			isa = PBXGroup;
			children = (
				800960AD2B0B702700B3BE4B /* ValidationCheck.swift */,
				8010012D2B145D2100DAD821 /* KeyChain.swift */,
				80DED59C2B09E94200885268 /* Color+Font */,
				80DED59B2B09E93900885268 /* Custom */,
			);
			path = Utils;
			sourceTree = "<group>";
		};
		80DED59B2B09E93900885268 /* Custom */ = {
			isa = PBXGroup;
			children = (
				80DED59D2B09E9F200885268 /* CustomTextField.swift */,
				800960AF2B0B8CFC00B3BE4B /* CustomLabel.swift */,
			);
			path = Custom;
			sourceTree = "<group>";
		};
		80DED59C2B09E94200885268 /* Color+Font */ = {
			isa = PBXGroup;
			children = (
				800960B12B0B966300B3BE4B /* Color.swift */,
			);
			path = "Color+Font";
			sourceTree = "<group>";
		};
		80E46E862B089A99009A695B = {
			isa = PBXGroup;
			children = (
				80E46E912B089A99009A695B /* Re */,
				80E46E902B089A99009A695B /* Products */,
			);
			sourceTree = "<group>";
		};
		80E46E902B089A99009A695B /* Products */ = {
			isa = PBXGroup;
			children = (
				80E46E8F2B089A99009A695B /* Re.app */,
			);
			name = Products;
			sourceTree = "<group>";
		};
		80E46E912B089A99009A695B /* Re */ = {
			isa = PBXGroup;
			children = (
				80E46EA62B08A0D2009A695B /* .gitignore */,
				80E46E922B089A99009A695B /* AppDelegate.swift */,
				80E46E942B089A99009A695B /* SceneDelegate.swift */,
				80DED59A2B09E92500885268 /* Utils */,
				80E46EC72B08E681009A695B /* Extensions */,
				80E46EC62B08E64D009A695B /* Network */,
				80E46EC52B08E641009A695B /* Protocols */,
				800960D12B0D1A2900B3BE4B /* Models */,
				80E46EC42B08E636009A695B /* ViewModels */,
				80E46EC32B08E629009A695B /* ViewControllers */,
				80E46EC22B08E61E009A695B /* Base */,
				80E46E9B2B089A9A009A695B /* Assets.xcassets */,
				80E46E9D2B089A9A009A695B /* LaunchScreen.storyboard */,
				80E46EA02B089A9A009A695B /* Info.plist */,
			);
			path = Re;
			sourceTree = "<group>";
		};
		80E46EC22B08E61E009A695B /* Base */ = {
			isa = PBXGroup;
			children = (
				80E46EC82B08E75A009A695B /* BaseViewController.swift */,
			);
			path = Base;
			sourceTree = "<group>";
		};
		80E46EC32B08E629009A695B /* ViewControllers */ = {
			isa = PBXGroup;
			children = (
				80E46E962B089A99009A695B /* LoginViewController.swift */,
				80DED5A22B0A392200885268 /* RegisterViewController.swift */,
				80084EFB2B1383B70018E806 /* HomeViewController.swift */,
				8010012F2B14C3A800DAD821 /* AddViewController.swift */,
				801001332B14C4BC00DAD821 /* CommunityViewController.swift */,
			);
			path = ViewControllers;
			sourceTree = "<group>";
		};
		80E46EC42B08E636009A695B /* ViewModels */ = {
			isa = PBXGroup;
			children = (
				80084EF92B1206D20018E806 /* LoginViewModel.swift */,
				800960B62B0BABB600B3BE4B /* RegisterViewModel.swift */,
			);
			path = ViewModels;
			sourceTree = "<group>";
		};
		80E46EC52B08E641009A695B /* Protocols */ = {
			isa = PBXGroup;
			children = (
				800960B82B0BB90B00B3BE4B /* Protocols.swift */,
			);
			path = Protocols;
			sourceTree = "<group>";
		};
		80E46EC62B08E64D009A695B /* Network */ = {
			isa = PBXGroup;
			children = (
				80E46EA82B08A164009A695B /* APIKey.swift */,
				800960CF2B0CE1F800B3BE4B /* APIManager.swift */,
				80084EF72B108D600018E806 /* NetworkError.swift */,
				807FFEC72B0F3DE000658FA9 /* APIRequest.swift */,
			);
			path = Network;
			sourceTree = "<group>";
		};
		80E46EC72B08E681009A695B /* Extensions */ = {
			isa = PBXGroup;
			children = (
			);
			path = Extensions;
			sourceTree = "<group>";
		};
/* End PBXGroup section */

/* Begin PBXNativeTarget section */
		80E46E8E2B089A99009A695B /* Re */ = {
			isa = PBXNativeTarget;
			buildConfigurationList = 80E46EA32B089A9A009A695B /* Build configuration list for PBXNativeTarget "Re" */;
			buildPhases = (
				80E46E8B2B089A99009A695B /* Sources */,
				80E46E8C2B089A99009A695B /* Frameworks */,
				80E46E8D2B089A99009A695B /* Resources */,
			);
			buildRules = (
			);
			dependencies = (
			);
			name = Re;
			packageProductDependencies = (
				80E46EAB2B08E0AE009A695B /* Moya */,
				80E46EAD2B08E0AE009A695B /* RxMoya */,
				80E46EB02B08E0C6009A695B /* SnapKit */,
				80E46EB32B08E115009A695B /* RxCocoa */,
				80E46EB52B08E115009A695B /* RxRelay */,
				80E46EB72B08E115009A695B /* RxSwift */,
				80E46EBA2B08E11F009A695B /* Kingfisher */,
				80E46EC02B08E528009A695B /* Toast */,
				80DED5A02B09FCA300885268 /* TextFieldEffects */,
				800960B42B0B9F3C00B3BE4B /* IQKeyboardManagerSwift */,
			);
			productName = Re;
			productReference = 80E46E8F2B089A99009A695B /* Re.app */;
			productType = "com.apple.product-type.application";
		};
/* End PBXNativeTarget section */

/* Begin PBXProject section */
		80E46E872B089A99009A695B /* Project object */ = {
			isa = PBXProject;
			attributes = {
				BuildIndependentTargetsInParallel = 1;
				LastSwiftUpdateCheck = 1500;
				LastUpgradeCheck = 1500;
				TargetAttributes = {
					80E46E8E2B089A99009A695B = {
						CreatedOnToolsVersion = 15.0.1;
					};
				};
			};
			buildConfigurationList = 80E46E8A2B089A99009A695B /* Build configuration list for PBXProject "Re" */;
			compatibilityVersion = "Xcode 14.0";
			developmentRegion = en;
			hasScannedForEncodings = 0;
			knownRegions = (
				en,
				Base,
			);
			mainGroup = 80E46E862B089A99009A695B;
			packageReferences = (
				80E46EAA2B08E0AE009A695B /* XCRemoteSwiftPackageReference "Moya" */,
				80E46EAF2B08E0C6009A695B /* XCRemoteSwiftPackageReference "SnapKit" */,
				80E46EB22B08E115009A695B /* XCRemoteSwiftPackageReference "RxSwift" */,
				80E46EB92B08E11F009A695B /* XCRemoteSwiftPackageReference "Kingfisher" */,
				80E46EBF2B08E528009A695B /* XCRemoteSwiftPackageReference "Toast-Swift" */,
				80DED59F2B09FCA300885268 /* XCRemoteSwiftPackageReference "TextFieldEffects" */,
				800960B32B0B9F3C00B3BE4B /* XCRemoteSwiftPackageReference "IQKeyboardManager" */,
			);
			productRefGroup = 80E46E902B089A99009A695B /* Products */;
			projectDirPath = "";
			projectRoot = "";
			targets = (
				80E46E8E2B089A99009A695B /* Re */,
			);
		};
/* End PBXProject section */

/* Begin PBXResourcesBuildPhase section */
		80E46E8D2B089A99009A695B /* Resources */ = {
			isa = PBXResourcesBuildPhase;
			buildActionMask = 2147483647;
			files = (
				80E46EA72B08A0D2009A695B /* .gitignore in Resources */,
				80E46E9F2B089A9A009A695B /* LaunchScreen.storyboard in Resources */,
				80E46E9C2B089A9A009A695B /* Assets.xcassets in Resources */,
			);
			runOnlyForDeploymentPostprocessing = 0;
		};
/* End PBXResourcesBuildPhase section */

/* Begin PBXSourcesBuildPhase section */
		80E46E8B2B089A99009A695B /* Sources */ = {
			isa = PBXSourcesBuildPhase;
			buildActionMask = 2147483647;
			files = (
				80E46EC92B08E75A009A695B /* BaseViewController.swift in Sources */,
				80084EF82B108D600018E806 /* NetworkError.swift in Sources */,
				800960B02B0B8CFC00B3BE4B /* CustomLabel.swift in Sources */,
				80E46E972B089A99009A695B /* LoginViewController.swift in Sources */,
				800960B92B0BB90B00B3BE4B /* Protocols.swift in Sources */,
				80084EFC2B1383B70018E806 /* HomeViewController.swift in Sources */,
				800960B22B0B966300B3BE4B /* Color.swift in Sources */,
				800960B72B0BABB600B3BE4B /* RegisterViewModel.swift in Sources */,
				80DED5A32B0A392200885268 /* RegisterViewController.swift in Sources */,
				80DED59E2B09E9F200885268 /* CustomTextField.swift in Sources */,
				801001302B14C3A800DAD821 /* AddViewController.swift in Sources */,
				8010012E2B145D2100DAD821 /* KeyChain.swift in Sources */,
				80E46E932B089A99009A695B /* AppDelegate.swift in Sources */,
				80084EFA2B1206D20018E806 /* LoginViewModel.swift in Sources */,
				80E46EA92B08A164009A695B /* APIKey.swift in Sources */,
				800960D02B0CE1F800B3BE4B /* APIManager.swift in Sources */,
				800960AE2B0B702700B3BE4B /* ValidationCheck.swift in Sources */,
				800960D32B0D1A4600B3BE4B /* NetworkModel.swift in Sources */,
				807FFEC82B0F3DE000658FA9 /* APIRequest.swift in Sources */,
				801001342B14C4BC00DAD821 /* CommunityViewController.swift in Sources */,
				80E46E952B089A99009A695B /* SceneDelegate.swift in Sources */,
			);
			runOnlyForDeploymentPostprocessing = 0;
		};
/* End PBXSourcesBuildPhase section */

/* Begin PBXVariantGroup section */
		80E46E9D2B089A9A009A695B /* LaunchScreen.storyboard */ = {
			isa = PBXVariantGroup;
			children = (
				80E46E9E2B089A9A009A695B /* Base */,
			);
			name = LaunchScreen.storyboard;
			sourceTree = "<group>";
		};
/* End PBXVariantGroup section */

/* Begin XCBuildConfiguration section */
		80E46EA12B089A9A009A695B /* Debug */ = {
			isa = XCBuildConfiguration;
			buildSettings = {
				ALWAYS_SEARCH_USER_PATHS = NO;
				ASSETCATALOG_COMPILER_GENERATE_SWIFT_ASSET_SYMBOL_EXTENSIONS = YES;
				CLANG_ANALYZER_NONNULL = YES;
				CLANG_ANALYZER_NUMBER_OBJECT_CONVERSION = YES_AGGRESSIVE;
				CLANG_CXX_LANGUAGE_STANDARD = "gnu++20";
				CLANG_ENABLE_MODULES = YES;
				CLANG_ENABLE_OBJC_ARC = YES;
				CLANG_ENABLE_OBJC_WEAK = YES;
				CLANG_WARN_BLOCK_CAPTURE_AUTORELEASING = YES;
				CLANG_WARN_BOOL_CONVERSION = YES;
				CLANG_WARN_COMMA = YES;
				CLANG_WARN_CONSTANT_CONVERSION = YES;
				CLANG_WARN_DEPRECATED_OBJC_IMPLEMENTATIONS = YES;
				CLANG_WARN_DIRECT_OBJC_ISA_USAGE = YES_ERROR;
				CLANG_WARN_DOCUMENTATION_COMMENTS = YES;
				CLANG_WARN_EMPTY_BODY = YES;
				CLANG_WARN_ENUM_CONVERSION = YES;
				CLANG_WARN_INFINITE_RECURSION = YES;
				CLANG_WARN_INT_CONVERSION = YES;
				CLANG_WARN_NON_LITERAL_NULL_CONVERSION = YES;
				CLANG_WARN_OBJC_IMPLICIT_RETAIN_SELF = YES;
				CLANG_WARN_OBJC_LITERAL_CONVERSION = YES;
				CLANG_WARN_OBJC_ROOT_CLASS = YES_ERROR;
				CLANG_WARN_QUOTED_INCLUDE_IN_FRAMEWORK_HEADER = YES;
				CLANG_WARN_RANGE_LOOP_ANALYSIS = YES;
				CLANG_WARN_STRICT_PROTOTYPES = YES;
				CLANG_WARN_SUSPICIOUS_MOVE = YES;
				CLANG_WARN_UNGUARDED_AVAILABILITY = YES_AGGRESSIVE;
				CLANG_WARN_UNREACHABLE_CODE = YES;
				CLANG_WARN__DUPLICATE_METHOD_MATCH = YES;
				COPY_PHASE_STRIP = NO;
				DEBUG_INFORMATION_FORMAT = dwarf;
				ENABLE_STRICT_OBJC_MSGSEND = YES;
				ENABLE_TESTABILITY = YES;
				ENABLE_USER_SCRIPT_SANDBOXING = YES;
				GCC_C_LANGUAGE_STANDARD = gnu17;
				GCC_DYNAMIC_NO_PIC = NO;
				GCC_NO_COMMON_BLOCKS = YES;
				GCC_OPTIMIZATION_LEVEL = 0;
				GCC_PREPROCESSOR_DEFINITIONS = (
					"DEBUG=1",
					"$(inherited)",
				);
				GCC_WARN_64_TO_32_BIT_CONVERSION = YES;
				GCC_WARN_ABOUT_RETURN_TYPE = YES_ERROR;
				GCC_WARN_UNDECLARED_SELECTOR = YES;
				GCC_WARN_UNINITIALIZED_AUTOS = YES_AGGRESSIVE;
				GCC_WARN_UNUSED_FUNCTION = YES;
				GCC_WARN_UNUSED_VARIABLE = YES;
				IPHONEOS_DEPLOYMENT_TARGET = 17.0;
				LOCALIZATION_PREFERS_STRING_CATALOGS = YES;
				MTL_ENABLE_DEBUG_INFO = INCLUDE_SOURCE;
				MTL_FAST_MATH = YES;
				ONLY_ACTIVE_ARCH = YES;
				SDKROOT = iphoneos;
				SWIFT_ACTIVE_COMPILATION_CONDITIONS = "DEBUG $(inherited)";
				SWIFT_OPTIMIZATION_LEVEL = "-Onone";
			};
			name = Debug;
		};
		80E46EA22B089A9A009A695B /* Release */ = {
			isa = XCBuildConfiguration;
			buildSettings = {
				ALWAYS_SEARCH_USER_PATHS = NO;
				ASSETCATALOG_COMPILER_GENERATE_SWIFT_ASSET_SYMBOL_EXTENSIONS = YES;
				CLANG_ANALYZER_NONNULL = YES;
				CLANG_ANALYZER_NUMBER_OBJECT_CONVERSION = YES_AGGRESSIVE;
				CLANG_CXX_LANGUAGE_STANDARD = "gnu++20";
				CLANG_ENABLE_MODULES = YES;
				CLANG_ENABLE_OBJC_ARC = YES;
				CLANG_ENABLE_OBJC_WEAK = YES;
				CLANG_WARN_BLOCK_CAPTURE_AUTORELEASING = YES;
				CLANG_WARN_BOOL_CONVERSION = YES;
				CLANG_WARN_COMMA = YES;
				CLANG_WARN_CONSTANT_CONVERSION = YES;
				CLANG_WARN_DEPRECATED_OBJC_IMPLEMENTATIONS = YES;
				CLANG_WARN_DIRECT_OBJC_ISA_USAGE = YES_ERROR;
				CLANG_WARN_DOCUMENTATION_COMMENTS = YES;
				CLANG_WARN_EMPTY_BODY = YES;
				CLANG_WARN_ENUM_CONVERSION = YES;
				CLANG_WARN_INFINITE_RECURSION = YES;
				CLANG_WARN_INT_CONVERSION = YES;
				CLANG_WARN_NON_LITERAL_NULL_CONVERSION = YES;
				CLANG_WARN_OBJC_IMPLICIT_RETAIN_SELF = YES;
				CLANG_WARN_OBJC_LITERAL_CONVERSION = YES;
				CLANG_WARN_OBJC_ROOT_CLASS = YES_ERROR;
				CLANG_WARN_QUOTED_INCLUDE_IN_FRAMEWORK_HEADER = YES;
				CLANG_WARN_RANGE_LOOP_ANALYSIS = YES;
				CLANG_WARN_STRICT_PROTOTYPES = YES;
				CLANG_WARN_SUSPICIOUS_MOVE = YES;
				CLANG_WARN_UNGUARDED_AVAILABILITY = YES_AGGRESSIVE;
				CLANG_WARN_UNREACHABLE_CODE = YES;
				CLANG_WARN__DUPLICATE_METHOD_MATCH = YES;
				COPY_PHASE_STRIP = NO;
				DEBUG_INFORMATION_FORMAT = "dwarf-with-dsym";
				ENABLE_NS_ASSERTIONS = NO;
				ENABLE_STRICT_OBJC_MSGSEND = YES;
				ENABLE_USER_SCRIPT_SANDBOXING = YES;
				GCC_C_LANGUAGE_STANDARD = gnu17;
				GCC_NO_COMMON_BLOCKS = YES;
				GCC_WARN_64_TO_32_BIT_CONVERSION = YES;
				GCC_WARN_ABOUT_RETURN_TYPE = YES_ERROR;
				GCC_WARN_UNDECLARED_SELECTOR = YES;
				GCC_WARN_UNINITIALIZED_AUTOS = YES_AGGRESSIVE;
				GCC_WARN_UNUSED_FUNCTION = YES;
				GCC_WARN_UNUSED_VARIABLE = YES;
				IPHONEOS_DEPLOYMENT_TARGET = 17.0;
				LOCALIZATION_PREFERS_STRING_CATALOGS = YES;
				MTL_ENABLE_DEBUG_INFO = NO;
				MTL_FAST_MATH = YES;
				SDKROOT = iphoneos;
				SWIFT_COMPILATION_MODE = wholemodule;
				VALIDATE_PRODUCT = YES;
			};
			name = Release;
		};
		80E46EA42B089A9A009A695B /* Debug */ = {
			isa = XCBuildConfiguration;
			buildSettings = {
				ASSETCATALOG_COMPILER_APPICON_NAME = AppIcon;
				ASSETCATALOG_COMPILER_GLOBAL_ACCENT_COLOR_NAME = AccentColor;
				CODE_SIGN_STYLE = Automatic;
				CURRENT_PROJECT_VERSION = 1;
				DEVELOPMENT_TEAM = PUJ68C53FY;
				GENERATE_INFOPLIST_FILE = YES;
				INFOPLIST_FILE = Re/Info.plist;
				INFOPLIST_KEY_UIApplicationSupportsIndirectInputEvents = YES;
				INFOPLIST_KEY_UILaunchStoryboardName = LaunchScreen;
				INFOPLIST_KEY_UISupportedInterfaceOrientations_iPad = "UIInterfaceOrientationPortrait UIInterfaceOrientationPortraitUpsideDown UIInterfaceOrientationLandscapeLeft UIInterfaceOrientationLandscapeRight";
				INFOPLIST_KEY_UISupportedInterfaceOrientations_iPhone = "UIInterfaceOrientationPortrait UIInterfaceOrientationLandscapeLeft UIInterfaceOrientationLandscapeRight";
				LD_RUNPATH_SEARCH_PATHS = (
					"$(inherited)",
					"@executable_path/Frameworks",
				);
				MARKETING_VERSION = 1.0;
				PRODUCT_BUNDLE_IDENTIFIER = com.Han.Re;
				PRODUCT_NAME = "$(TARGET_NAME)";
				SWIFT_EMIT_LOC_STRINGS = YES;
				SWIFT_VERSION = 5.0;
				TARGETED_DEVICE_FAMILY = "1,2";
			};
			name = Debug;
		};
		80E46EA52B089A9A009A695B /* Release */ = {
			isa = XCBuildConfiguration;
			buildSettings = {
				ASSETCATALOG_COMPILER_APPICON_NAME = AppIcon;
				ASSETCATALOG_COMPILER_GLOBAL_ACCENT_COLOR_NAME = AccentColor;
				CODE_SIGN_STYLE = Automatic;
				CURRENT_PROJECT_VERSION = 1;
				DEVELOPMENT_TEAM = PUJ68C53FY;
				GENERATE_INFOPLIST_FILE = YES;
				INFOPLIST_FILE = Re/Info.plist;
				INFOPLIST_KEY_UIApplicationSupportsIndirectInputEvents = YES;
				INFOPLIST_KEY_UILaunchStoryboardName = LaunchScreen;
				INFOPLIST_KEY_UISupportedInterfaceOrientations_iPad = "UIInterfaceOrientationPortrait UIInterfaceOrientationPortraitUpsideDown UIInterfaceOrientationLandscapeLeft UIInterfaceOrientationLandscapeRight";
				INFOPLIST_KEY_UISupportedInterfaceOrientations_iPhone = "UIInterfaceOrientationPortrait UIInterfaceOrientationLandscapeLeft UIInterfaceOrientationLandscapeRight";
				LD_RUNPATH_SEARCH_PATHS = (
					"$(inherited)",
					"@executable_path/Frameworks",
				);
				MARKETING_VERSION = 1.0;
				PRODUCT_BUNDLE_IDENTIFIER = com.Han.Re;
				PRODUCT_NAME = "$(TARGET_NAME)";
				SWIFT_EMIT_LOC_STRINGS = YES;
				SWIFT_VERSION = 5.0;
				TARGETED_DEVICE_FAMILY = "1,2";
			};
			name = Release;
		};
/* End XCBuildConfiguration section */

/* Begin XCConfigurationList section */
		80E46E8A2B089A99009A695B /* Build configuration list for PBXProject "Re" */ = {
			isa = XCConfigurationList;
			buildConfigurations = (
				80E46EA12B089A9A009A695B /* Debug */,
				80E46EA22B089A9A009A695B /* Release */,
			);
			defaultConfigurationIsVisible = 0;
			defaultConfigurationName = Release;
		};
		80E46EA32B089A9A009A695B /* Build configuration list for PBXNativeTarget "Re" */ = {
			isa = XCConfigurationList;
			buildConfigurations = (
				80E46EA42B089A9A009A695B /* Debug */,
				80E46EA52B089A9A009A695B /* Release */,
			);
			defaultConfigurationIsVisible = 0;
			defaultConfigurationName = Release;
		};
/* End XCConfigurationList section */

/* Begin XCRemoteSwiftPackageReference section */
		800960B32B0B9F3C00B3BE4B /* XCRemoteSwiftPackageReference "IQKeyboardManager" */ = {
			isa = XCRemoteSwiftPackageReference;
			repositoryURL = "https://github.com/hackiftekhar/IQKeyboardManager.git";
			requirement = {
				kind = upToNextMajorVersion;
				minimumVersion = 6.5.16;
			};
		};
		80DED59F2B09FCA300885268 /* XCRemoteSwiftPackageReference "TextFieldEffects" */ = {
			isa = XCRemoteSwiftPackageReference;
			repositoryURL = "https://github.com/raulriera/TextFieldEffects.git";
			requirement = {
				kind = upToNextMajorVersion;
				minimumVersion = 1.7.0;
			};
		};
		80E46EAA2B08E0AE009A695B /* XCRemoteSwiftPackageReference "Moya" */ = {
			isa = XCRemoteSwiftPackageReference;
			repositoryURL = "https://github.com/Moya/Moya.git";
			requirement = {
				kind = upToNextMajorVersion;
				minimumVersion = 15.0.3;
			};
		};
		80E46EAF2B08E0C6009A695B /* XCRemoteSwiftPackageReference "SnapKit" */ = {
			isa = XCRemoteSwiftPackageReference;
			repositoryURL = "https://github.com/SnapKit/SnapKit.git";
			requirement = {
				kind = upToNextMajorVersion;
				minimumVersion = 5.6.0;
			};
		};
		80E46EB22B08E115009A695B /* XCRemoteSwiftPackageReference "RxSwift" */ = {
			isa = XCRemoteSwiftPackageReference;
			repositoryURL = "https://github.com/ReactiveX/RxSwift.git";
			requirement = {
				kind = upToNextMajorVersion;
				minimumVersion = 6.6.0;
			};
		};
		80E46EB92B08E11F009A695B /* XCRemoteSwiftPackageReference "Kingfisher" */ = {
			isa = XCRemoteSwiftPackageReference;
			repositoryURL = "https://github.com/onevcat/Kingfisher.git";
			requirement = {
				kind = upToNextMajorVersion;
				minimumVersion = 7.10.0;
			};
		};
		80E46EBF2B08E528009A695B /* XCRemoteSwiftPackageReference "Toast-Swift" */ = {
			isa = XCRemoteSwiftPackageReference;
			repositoryURL = "https://github.com/scalessec/Toast-Swift.git";
			requirement = {
				kind = upToNextMajorVersion;
				minimumVersion = 5.0.1;
			};
		};
/* End XCRemoteSwiftPackageReference section */

/* Begin XCSwiftPackageProductDependency section */
		800960B42B0B9F3C00B3BE4B /* IQKeyboardManagerSwift */ = {
			isa = XCSwiftPackageProductDependency;
			package = 800960B32B0B9F3C00B3BE4B /* XCRemoteSwiftPackageReference "IQKeyboardManager" */;
			productName = IQKeyboardManagerSwift;
		};
		80DED5A02B09FCA300885268 /* TextFieldEffects */ = {
			isa = XCSwiftPackageProductDependency;
			package = 80DED59F2B09FCA300885268 /* XCRemoteSwiftPackageReference "TextFieldEffects" */;
			productName = TextFieldEffects;
		};
		80E46EAB2B08E0AE009A695B /* Moya */ = {
			isa = XCSwiftPackageProductDependency;
			package = 80E46EAA2B08E0AE009A695B /* XCRemoteSwiftPackageReference "Moya" */;
			productName = Moya;
		};
		80E46EAD2B08E0AE009A695B /* RxMoya */ = {
			isa = XCSwiftPackageProductDependency;
			package = 80E46EAA2B08E0AE009A695B /* XCRemoteSwiftPackageReference "Moya" */;
			productName = RxMoya;
		};
		80E46EB02B08E0C6009A695B /* SnapKit */ = {
			isa = XCSwiftPackageProductDependency;
			package = 80E46EAF2B08E0C6009A695B /* XCRemoteSwiftPackageReference "SnapKit" */;
			productName = SnapKit;
		};
		80E46EB32B08E115009A695B /* RxCocoa */ = {
			isa = XCSwiftPackageProductDependency;
			package = 80E46EB22B08E115009A695B /* XCRemoteSwiftPackageReference "RxSwift" */;
			productName = RxCocoa;
		};
		80E46EB52B08E115009A695B /* RxRelay */ = {
			isa = XCSwiftPackageProductDependency;
			package = 80E46EB22B08E115009A695B /* XCRemoteSwiftPackageReference "RxSwift" */;
			productName = RxRelay;
		};
		80E46EB72B08E115009A695B /* RxSwift */ = {
			isa = XCSwiftPackageProductDependency;
			package = 80E46EB22B08E115009A695B /* XCRemoteSwiftPackageReference "RxSwift" */;
			productName = RxSwift;
		};
		80E46EBA2B08E11F009A695B /* Kingfisher */ = {
			isa = XCSwiftPackageProductDependency;
			package = 80E46EB92B08E11F009A695B /* XCRemoteSwiftPackageReference "Kingfisher" */;
			productName = Kingfisher;
		};
		80E46EC02B08E528009A695B /* Toast */ = {
			isa = XCSwiftPackageProductDependency;
			package = 80E46EBF2B08E528009A695B /* XCRemoteSwiftPackageReference "Toast-Swift" */;
			productName = Toast;
		};
/* End XCSwiftPackageProductDependency section */
	};
	rootObject = 80E46E872B089A99009A695B /* Project object */;
}
